
Microsoft Visual Studio Solution File, Format Version 11.00
# Visual Studio 2010
Project("{FAE04EC0-301F-11D3-BF4B-00C04F79EFBC}") = "WindowsFormsApplication1", "WindowsFormsApplication1\WindowsFormsApplication1.csproj", "{EEDB9FC0-BB1D-4A68-938C-B8475BD4564A}"
EndProject
Global
	GlobalSection(SolutionConfigurationPlatforms) = preSolution
		Debug|x86 = Debug|x86
		Release|x86 = Release|x86
	EndGlobalSection
	GlobalSection(ProjectConfigurationPlatforms) = postSolution
		{EEDB9FC0-BB1D-4A68-938C-B8475BD4564A}.Debug|x86.ActiveCfg = Debug|x86
		{EEDB9FC0-BB1D-4A68-938C-B8475BD4564A}.Debug|x86.Build.0 = Debug|x86
		{EEDB9FC0-BB1D-4A68-938C-B8475BD4564A}.Release|x86.ActiveCfg = Release|x86
		{EEDB9FC0-BB1D-4A68-938C-B8475BD4564A}.Release|x86.Build.0 = Release|x86
	EndGlobalSection
	GlobalSection(SolutionProperties) = preSolution
		HideSolutionNode = FALSE
	EndGlobalSection
EndGlobal
